{
  "name": "eliza",
  "version": "1.0.0",
  "lockfileVersion": 3,
  "requires": true,
  "packages": {
    "": {
      "name": "eliza",
      "version": "1.0.0",
      "dependencies": {
        "sinon": "^21.0.0"
      }
    },
    "node_modules/@sinonjs/commons": {
      "version": "3.0.1",
      "resolved": "https://registry.npmjs.org/@sinonjs/commons/-/commons-3.0.1.tgz",
      "integrity": "sha512-K3mCHKQ9sVh8o1C9cxkwxaOmXoAMlDxC1mYyHrjqOWEcBjYr76t96zL2zlj5dUGZ3HSw240X1qgH3Mjf1yJWpQ==",
      "dependencies": {
        "type-detect": "4.0.8"
      }
    },
    "node_modules/@sinonjs/fake-timers": {
      "version": "13.0.5",
      "resolved": "https://registry.npmjs.org/@sinonjs/fake-timers/-/fake-timers-13.0.5.tgz",
      "integrity": "sha512-36/hTbH2uaWuGVERyC6da9YwGWnzUZXuPro/F2LfsdOsLnCojz/iSH8MxUt/FD2S5XBSVPhmArFUXcpCQ2Hkiw==",
      "dependencies": {
        "@sinonjs/commons": "^3.0.1"
      }
    },
    "node_modules/@sinonjs/samsam": {
      "version": "8.0.3",
      "resolved": "https://registry.npmjs.org/@sinonjs/samsam/-/samsam-8.0.3.tgz",
      "integrity": "sha512-hw6HbX+GyVZzmaYNh82Ecj1vdGZrqVIn/keDTg63IgAwiQPO+xCz99uG6Woqgb4tM0mUiFENKZ4cqd7IX94AXQ==",
      "dependencies": {
        "@sinonjs/commons": "^3.0.1",
        "type-detect": "^4.1.0"
      }
    },
    "node_modules/@sinonjs/samsam/node_modules/type-detect": {
      "version": "4.1.0",
      "resolved": "https://registry.npmjs.org/type-detect/-/type-detect-4.1.0.tgz",
      "integrity": "sha512-Acylog8/luQ8L7il+geoSxhEkazvkslg7PSNKOX59mbB9cOveP5aq9h74Y7YU8yDpJwetzQQrfIwtf4Wp4LKcw==",
      "engines": {
        "node": ">=4"
      }
    },
    "node_modules/diff": {
      "version": "7.0.0",
      "resolved": "https://registry.npmjs.org/diff/-/diff-7.0.0.tgz",
      "integrity": "sha512-PJWHUb1RFevKCwaFA9RlG5tCd+FO5iRh9A8HEtkmBH2Li03iJriB6m6JIN4rGz3K3JLawI7/veA1xzRKP6ISBw==",
      "engines": {
        "node": ">=0.3.1"
      }
    },
    "node_modules/has-flag": {
      "version": "4.0.0",
      "resolved": "https://registry.npmjs.org/has-flag/-/has-flag-4.0.0.tgz",
      "integrity": "sha512-EykJT/Q1KjTWctppgIAgfSO0tKVuZUjhgMr17kqTumMl6Afv3EISleU7qZUzoXDFTAHTDC4NOoG/ZxU3EvlMPQ==",
      "engines": {
        "node": ">=8"
      }
    },
    "node_modules/sinon": {
      "version": "21.0.0",
      "resolved": "https://registry.npmjs.org/sinon/-/sinon-21.0.0.tgz",
      "integrity": "sha512-TOgRcwFPbfGtpqvZw+hyqJDvqfapr1qUlOizROIk4bBLjlsjlB00Pg6wMFXNtJRpu+eCZuVOaLatG7M8105kAw==",
      "dependencies": {
        "@sinonjs/commons": "^3.0.1",
        "@sinonjs/fake-timers": "^13.0.5",
        "@sinonjs/samsam": "^8.0.1",
        "diff": "^7.0.0",
        "supports-color": "^7.2.0"
      },
      "funding": {
        "type": "opencollective",
        "url": "https://opencollective.com/sinon"
      }
    },
    "node_modules/supports-color": {
      "version": "7.2.0",
      "resolved": "https://registry.npmjs.org/supports-color/-/supports-color-7.2.0.tgz",
      "integrity": "sha512-qpCAvRl9stuOHveKsn7HncJRvv501qIacKzQlO/+Lwxc9+0q2wLyv4Dfvt80/DPn2pqOBsJdDiogXGR9+OvwRw==",
      "dependencies": {
        "has-flag": "^4.0.0"
      },
      "engines": {
        "node": ">=8"
      }
    },
    "node_modules/type-detect": {
      "version": "4.0.8",
      "resolved": "https://registry.npmjs.org/type-detect/-/type-detect-4.0.8.tgz",
      "integrity": "sha512-0fr/mIH1dlO+x7TlcMy+bIDqKPsw/70tVyeHW787goQjhmqaZe10uwLujubK9q9Lg6Fiho1KUKDYz0Z7k7g5/g==",
      "engines": {
        "node": ">=4"
      }
    }
  }
}
